
Microsoft Visual Studio Solution File, Format Version 12.00
# Visual Studio Version 16
VisualStudioVersion = 16.0.810.13
MinimumVisualStudioVersion = 10.0.40219.1
Project("{FAE04EC0-301F-11D3-BF4B-00C04F79EFBC}") = "Unity.VisualStudio.Editor", "Unity.VisualStudio.Editor.csproj", "{05F6B1C8-A744-D3BB-2F8D-7F3008037891}"
EndProject
Global
	GlobalSection(SolutionConfigurationPlatforms) = preSolution
		Debug|Any CPU = Debug|Any CPU
		Release|Any CPU = Release|Any CPU
	EndGlobalSection
	GlobalSection(ProjectConfigurationPlatforms) = postSolution
		{05F6B1C8-A744-D3BB-2F8D-7F3008037891}.Debug|Any CPU.ActiveCfg = Debug|Any CPU
		{05F6B1C8-A744-D3BB-2F8D-7F3008037891}.Debug|Any CPU.Build.0 = Debug|Any CPU
		{05F6B1C8-A744-D3BB-2F8D-7F3008037891}.Release|Any CPU.ActiveCfg = Release|Any CPU
		{05F6B1C8-A744-D3BB-2F8D-7F3008037891}.Release|Any CPU.Build.0 = Release|Any CPU
	EndGlobalSection
	GlobalSection(SolutionProperties) = preSolution
		HideSolutionNode = FALSE
	EndGlobalSection
	GlobalSection(ExtensibilityGlobals) = postSolution
		SolutionGuid = {A733EB7D-CF53-4C82-9698-FF414E68EC18}
	EndGlobalSection
EndGlobal
